
Microsoft Visual Studio Solution File, Format Version 12.00
# Visual Studio Version 17
VisualStudioVersion = 17.11.35327.3
MinimumVisualStudioVersion = 10.0.40219.1
Project("{FAE04EC0-301F-11D3-BF4B-00C04F79EFBC}") = "SingleResponsibliltyPrinciple", "SolidPrinciplesInC#\SingleResponsibliltyPrinciple.csproj", "{CC62FAF7-B082-4D81-8A1D-84C9109A12BA}"
EndProject
Project("{FAE04EC0-301F-11D3-BF4B-00C04F79EFBC}") = "OpenClosedPrinciple", "OpenClosedPrinciple\OpenClosedPrinciple.csproj", "{E988F2A3-436D-4D5E-A71C-60269B80C8C4}"
EndProject
Project("{FAE04EC0-301F-11D3-BF4B-00C04F79EFBC}") = "LiskovSubstitutionPrinciple", "LiskovSubstitutionPrinciple\LiskovSubstitutionPrinciple.csproj", "{430E5433-D414-433E-9A27-608AE69C9375}"
EndProject
Global
	GlobalSection(SolutionConfigurationPlatforms) = preSolution
		Debug|Any CPU = Debug|Any CPU
		Release|Any CPU = Release|Any CPU
	EndGlobalSection
	GlobalSection(ProjectConfigurationPlatforms) = postSolution
		{CC62FAF7-B082-4D81-8A1D-84C9109A12BA}.Debug|Any CPU.ActiveCfg = Debug|Any CPU
		{CC62FAF7-B082-4D81-8A1D-84C9109A12BA}.Debug|Any CPU.Build.0 = Debug|Any CPU
		{CC62FAF7-B082-4D81-8A1D-84C9109A12BA}.Release|Any CPU.ActiveCfg = Release|Any CPU
		{CC62FAF7-B082-4D81-8A1D-84C9109A12BA}.Release|Any CPU.Build.0 = Release|Any CPU
		{E988F2A3-436D-4D5E-A71C-60269B80C8C4}.Debug|Any CPU.ActiveCfg = Debug|Any CPU
		{E988F2A3-436D-4D5E-A71C-60269B80C8C4}.Debug|Any CPU.Build.0 = Debug|Any CPU
		{E988F2A3-436D-4D5E-A71C-60269B80C8C4}.Release|Any CPU.ActiveCfg = Release|Any CPU
		{E988F2A3-436D-4D5E-A71C-60269B80C8C4}.Release|Any CPU.Build.0 = Release|Any CPU
		{430E5433-D414-433E-9A27-608AE69C9375}.Debug|Any CPU.ActiveCfg = Debug|Any CPU
		{430E5433-D414-433E-9A27-608AE69C9375}.Debug|Any CPU.Build.0 = Debug|Any CPU
		{430E5433-D414-433E-9A27-608AE69C9375}.Release|Any CPU.ActiveCfg = Release|Any CPU
		{430E5433-D414-433E-9A27-608AE69C9375}.Release|Any CPU.Build.0 = Release|Any CPU
	EndGlobalSection
	GlobalSection(SolutionProperties) = preSolution
		HideSolutionNode = FALSE
	EndGlobalSection
	GlobalSection(ExtensibilityGlobals) = postSolution
		SolutionGuid = {357B80B3-BB7C-44FA-917C-B11ADE7B0266}
	EndGlobalSection
EndGlobal
